PODS:
  - app_links (0.0.1):
    - Flutter
  - audio_service (0.0.1):
    - Flutter
  - audio_session (0.0.1):
    - Flutter
  - audiotags (1.4.1):
    - Flutter
  - device_equalizer (0.0.1):
    - Flutter
  - DKImagePickerController/Core (4.3.4):
    - DKImagePickerController/ImageDataManager
    - DKImagePickerController/Resource
  - DKImagePickerController/ImageDataManager (4.3.4)
  - DKImagePickerController/PhotoGallery (4.3.4):
    - DKImagePickerController/Core
    - DKPhotoGallery
  - DKImagePickerController/Resource (4.3.4)
  - DKPhotoGallery (0.0.17):
    - DKPhotoGallery/Core (= 0.0.17)
    - DKPhotoGallery/Model (= 0.0.17)
    - DKPhotoGallery/Preview (= 0.0.17)
    - DKPhotoGallery/Resource (= 0.0.17)
    - SDWebImage
    - SwiftyGif
  - DKPhotoGallery/Core (0.0.17):
    - DKPhotoGallery/Model
    - DKPhotoGallery/Preview
    - SDWebImage
    - SwiftyGif
  - DKPhotoGallery/Model (0.0.17):
    - SDWebImage
    - SwiftyGif
  - DKPhotoGallery/Preview (0.0.17):
    - DKPhotoGallery/Model
    - DKPhotoGallery/Resource
    - SDWebImage
    - SwiftyGif
  - DKPhotoGallery/Resource (0.0.17):
    - SDWebImage
    - SwiftyGif
  - file_picker (0.0.1):
    - DKImagePickerController/PhotoGallery
    - Flutter
  - Flutter (1.0.0)
  - flutter_keyboard_visibility (0.0.1):
    - Flutter
  - just_audio (0.0.1):
    - Flutter
  - just_waveform (0.0.1):
    - Flutter
  - particle_forked (0.0.1):
    - Flutter
  - path_provider_foundation (0.0.1):
    - Flutter
    - FlutterMacOS
  - permission_handler_apple (9.3.0):
    - Flutter
  - SDWebImage (5.18.10):
    - SDWebImage/Core (= 5.18.10)
  - SDWebImage/Core (5.18.10)
  - share_plus (0.0.1):
    - Flutter
  - sqflite (0.0.3):
    - Flutter
    - FlutterMacOS
  - SwiftyGif (5.4.4)
  - url_launcher_ios (0.0.1):
    - Flutter
  - video_player_avfoundation (0.0.1):
    - Flutter
    - FlutterMacOS

DEPENDENCIES:
  - app_links (from `.symlinks/plugins/app_links/ios`)
  - audio_service (from `.symlinks/plugins/audio_service/ios`)
  - audio_session (from `.symlinks/plugins/audio_session/ios`)
  - audiotags (from `.symlinks/plugins/audiotags/ios`)
  - device_equalizer (from `.symlinks/plugins/device_equalizer/ios`)
  - file_picker (from `.symlinks/plugins/file_picker/ios`)
  - Flutter (from `Flutter`)
  - flutter_keyboard_visibility (from `.symlinks/plugins/flutter_keyboard_visibility/ios`)
  - just_audio (from `.symlinks/plugins/just_audio/ios`)
  - just_waveform (from `.symlinks/plugins/just_waveform/ios`)
  - particle_forked (from `.symlinks/plugins/particle_forked/ios`)
  - path_provider_foundation (from `.symlinks/plugins/path_provider_foundation/darwin`)
  - permission_handler_apple (from `.symlinks/plugins/permission_handler_apple/ios`)
  - share_plus (from `.symlinks/plugins/share_plus/ios`)
  - sqflite (from `.symlinks/plugins/sqflite/darwin`)
  - url_launcher_ios (from `.symlinks/plugins/url_launcher_ios/ios`)
  - video_player_avfoundation (from `.symlinks/plugins/video_player_avfoundation/darwin`)

SPEC REPOS:
  trunk:
    - DKImagePickerController
    - DKPhotoGallery
    - SDWebImage
    - SwiftyGif

EXTERNAL SOURCES:
  app_links:
    :path: ".symlinks/plugins/app_links/ios"
  audio_service:
    :path: ".symlinks/plugins/audio_service/ios"
  audio_session:
    :path: ".symlinks/plugins/audio_session/ios"
  audiotags:
    :path: ".symlinks/plugins/audiotags/ios"
  device_equalizer:
    :path: ".symlinks/plugins/device_equalizer/ios"
  file_picker:
    :path: ".symlinks/plugins/file_picker/ios"
  Flutter:
    :path: Flutter
  flutter_keyboard_visibility:
    :path: ".symlinks/plugins/flutter_keyboard_visibility/ios"
  just_audio:
    :path: ".symlinks/plugins/just_audio/ios"
  just_waveform:
    :path: ".symlinks/plugins/just_waveform/ios"
  particle_forked:
    :path: ".symlinks/plugins/particle_forked/ios"
  path_provider_foundation:
    :path: ".symlinks/plugins/path_provider_foundation/darwin"
  permission_handler_apple:
    :path: ".symlinks/plugins/permission_handler_apple/ios"
  share_plus:
    :path: ".symlinks/plugins/share_plus/ios"
  sqflite:
    :path: ".symlinks/plugins/sqflite/darwin"
  url_launcher_ios:
    :path: ".symlinks/plugins/url_launcher_ios/ios"
  video_player_avfoundation:
    :path: ".symlinks/plugins/video_player_avfoundation/darwin"

SPEC CHECKSUMS:
  app_links: c5161ac5ab5383ad046884568b4b91cb52df5d91
  audio_service: 2023a4a1bdb2fd1443e7b00bdbdb1baa321525db
  audio_session: f08db0697111ac84ba46191b55488c0563bb29c6
  audiotags: 5978a80fddec6030fba395cdb405f96324c6770e
  device_equalizer: 9aa649501ac6c6d6f21d83bd8044ad765c90e7ec
  DKImagePickerController: b512c28220a2b8ac7419f21c491fc8534b7601ac
  DKPhotoGallery: fdfad5125a9fdda9cc57df834d49df790dbb4179
  file_picker: 9b3292d7c8bc68c8a7bf8eb78f730e49c8efc517
  Flutter: cabc95a1d2626b1b06e7179b784ebcf0c0cde467
  flutter_keyboard_visibility: 4625131e43015dbbe759d9b20daaf77e0e3f6619
  just_audio: 6c031bb61297cf218b4462be616638e81c058e97
  just_waveform: 8d659d7ffa7e059449cdb8341132243b0b9479c8
  particle_forked: 25d8f4063f363afc7599cef51c616df122e4d3a5
  path_provider_foundation: 080d55be775b7414fd5a5ef3ac137b97b097e564
  permission_handler_apple: 4ed2196e43d0651e8ff7ca3483a069d469701f2d
  SDWebImage: fc8f2d48bbfd72ef39d70e981bd24a3f3be53fec
  share_plus: 011d6fb4f9d2576b83179a3a5c5e323202cdabcf
  sqflite: c35dad70033b8862124f8337cc994a809fcd9fa3
  SwiftyGif: 93a1cc87bf3a51916001cf8f3d63835fb64c819f
  url_launcher_ios: 694010445543906933d732453a59da0a173ae33d
  video_player_avfoundation: dd410b52df6d2466a42d28550e33e4146928280a

PODFILE CHECKSUM: fe2efbb54549d7cb32c14aa97c36d8a5a1b2240d

COCOAPODS: 1.16.2
